PATH
  remote: .
  specs:
    lite_fill_r (0.1.0)
      sqlite3 (~> 2.0)

GEM
  remote: https://rubygems.org/
  specs:
    minitest (5.27.0)
    sqlite3 (2.9.2-aarch64-linux-gnu)
    sqlite3 (2.9.2-aarch64-linux-musl)
    sqlite3 (2.9.2-arm-linux-gnu)
    sqlite3 (2.9.2-arm-linux-musl)
    sqlite3 (2.9.2-arm64-darwin)
    sqlite3 (2.9.2-x86-linux-gnu)
    sqlite3 (2.9.2-x86-linux-musl)
    sqlite3 (2.9.2-x86_64-darwin)
    sqlite3 (2.9.2-x86_64-linux-gnu)
    sqlite3 (2.9.2-x86_64-linux-musl)

PLATFORMS
  aarch64-linux-gnu
  aarch64-linux-musl
  arm-linux-gnu
  arm-linux-musl
  arm64-darwin
  x86-linux-gnu
  x86-linux-musl
  x86_64-darwin
  x86_64-linux-gnu
  x86_64-linux-musl

DEPENDENCIES
  lite_fill_r!
  minitest (~> 5.0)

CHECKSUMS
  lite_fill_r (0.1.0)
  minitest (5.27.0) sha256=2d3b17f8a36fe7801c1adcffdbc38233b938eb0b4966e97a6739055a45fa77d5
  sqlite3 (2.9.2-aarch64-linux-gnu) sha256=eeb86db55645b85327ba75129e3614658d974bf4da8fdc87018a0d42c59f6e42
  sqlite3 (2.9.2-aarch64-linux-musl) sha256=4feff91fb8c2b13688da34b5627c9d1ed9cedb3ee87a7114ec82209147f07a6d
  sqlite3 (2.9.2-arm-linux-gnu) sha256=1ee2eb06b5301aaf5ce343a6e88d99ac932d95202d7b350f0e7b6d8d588580d7
  sqlite3 (2.9.2-arm-linux-musl) sha256=8ca0de6aceede968de0394e22e95d549834c4d8e318f69a92a52f049878a0057
  sqlite3 (2.9.2-arm64-darwin) sha256=d15bd9609a05f9d54930babe039585efc8cadd57517c15b64ec7dfa75158a5e9
  sqlite3 (2.9.2-x86-linux-gnu) sha256=066bc904522f8a7072236a81237c03a4a1dfe070a25107e392de03d1e4ad0e6d
  sqlite3 (2.9.2-x86-linux-musl) sha256=6503c76278f5e8629b12b6518ff43a9a4f6d9381de73f0b086c9fa1226db5ede
  sqlite3 (2.9.2-x86_64-darwin) sha256=ed691b5021674d72582d03c5a38e89634b961902735fb6225273892805421d13
  sqlite3 (2.9.2-x86_64-linux-gnu) sha256=dce83ffcb7e72f9f7aeb6e5404f15d277a45332fe18ccce8a8b3ed51e8d23aee
  sqlite3 (2.9.2-x86_64-linux-musl) sha256=e8dd906a613f13b60f6d47ae9dda376384d9de1ab3f7e3f2fdf2fd18a871a2d7

BUNDLED WITH
  4.0.5
